
Microsoft Visual Studio Solution File, Format Version 12.00
# Visual Studio Version 17
VisualStudioVersion = 17.6.33829.357
MinimumVisualStudioVersion = 10.0.40219.1
Project("{FAE04EC0-301F-11D3-BF4B-00C04F79EFBC}") = "MusicPlayerApp", "MusicPlayerApp\MusicPlayerApp.csproj", "{19E40AA6-10BD-45D4-A364-1AA2EDFFC379}"
EndProject
Global
	GlobalSection(SolutionConfigurationPlatforms) = preSolution
		Debug|Any CPU = Debug|Any CPU
		Release|Any CPU = Release|Any CPU
	EndGlobalSection
	GlobalSection(ProjectConfigurationPlatforms) = postSolution
		{19E40AA6-10BD-45D4-A364-1AA2EDFFC379}.Debug|Any CPU.ActiveCfg = Debug|Any CPU
		{19E40AA6-10BD-45D4-A364-1AA2EDFFC379}.Debug|Any CPU.Build.0 = Debug|Any CPU
		{19E40AA6-10BD-45D4-A364-1AA2EDFFC379}.Release|Any CPU.ActiveCfg = Release|Any CPU
		{19E40AA6-10BD-45D4-A364-1AA2EDFFC379}.Release|Any CPU.Build.0 = Release|Any CPU
	EndGlobalSection
	GlobalSection(SolutionProperties) = preSolution
		HideSolutionNode = FALSE
	EndGlobalSection
	GlobalSection(ExtensibilityGlobals) = postSolution
		SolutionGuid = {3D7430E7-6BA4-42A7-94B2-D9985F4B6FC7}
	EndGlobalSection
EndGlobal
